Microsoft Visual Studio Solution File, Format Version 12.00
# Visual Studio Version 17
VisualStudioVersion = 17.5.2.0
MinimumVisualStudioVersion = 10.0.40219.1
Project("{FAE04EC0-301F-11D3-BF4B-00C04F79EFBC}") = "B004", "B004.csproj", "{905538AC-5A4A-D9A6-7A6A-C2BB1383E89A}"
EndProject
Global
	GlobalSection(SolutionConfigurationPlatforms) = preSolution
		Debug|Any CPU = Debug|Any CPU
		Release|Any CPU = Release|Any CPU
	EndGlobalSection
	GlobalSection(ProjectConfigurationPlatforms) = postSolution
		{905538AC-5A4A-D9A6-7A6A-C2BB1383E89A}.Debug|Any CPU.ActiveCfg = Debug|Any CPU
		{905538AC-5A4A-D9A6-7A6A-C2BB1383E89A}.Debug|Any CPU.Build.0 = Debug|Any CPU
		{905538AC-5A4A-D9A6-7A6A-C2BB1383E89A}.Release|Any CPU.ActiveCfg = Release|Any CPU
		{905538AC-5A4A-D9A6-7A6A-C2BB1383E89A}.Release|Any CPU.Build.0 = Release|Any CPU
	EndGlobalSection
	GlobalSection(SolutionProperties) = preSolution
		HideSolutionNode = FALSE
	EndGlobalSection
	GlobalSection(ExtensibilityGlobals) = postSolution
		SolutionGuid = {744888DA-A617-43AC-93AD-080C7750D12A}
	EndGlobalSection
EndGlobal
